
Microsoft Visual Studio Solution File, Format Version 12.00
# Visual Studio Version 16
VisualStudioVersion = 16.0.31624.102
MinimumVisualStudioVersion = 10.0.40219.1
Project("{FAE04EC0-301F-11D3-BF4B-00C04F79EFBC}") = "WebApi", "WebApi\WebApi.csproj", "{0BE8ECDC-B538-4659-9758-110A02428F31}"
EndProject
Project("{00D1A9C2-B5F0-4AF3-8072-F6C62B433612}") = "PruebaWebApiDB", "PruebaWebApiDB\PruebaWebApiDB.sqlproj", "{6FB50859-6B48-429B-8EC9-B9736D0FA74B}"
EndProject
Global
	GlobalSection(SolutionConfigurationPlatforms) = preSolution
		Debug|Any CPU = Debug|Any CPU
		Release|Any CPU = Release|Any CPU
	EndGlobalSection
	GlobalSection(ProjectConfigurationPlatforms) = postSolution
		{0BE8ECDC-B538-4659-9758-110A02428F31}.Debug|Any CPU.ActiveCfg = Debug|Any CPU
		{0BE8ECDC-B538-4659-9758-110A02428F31}.Debug|Any CPU.Build.0 = Debug|Any CPU
		{0BE8ECDC-B538-4659-9758-110A02428F31}.Release|Any CPU.ActiveCfg = Release|Any CPU
		{0BE8ECDC-B538-4659-9758-110A02428F31}.Release|Any CPU.Build.0 = Release|Any CPU
		{6FB50859-6B48-429B-8EC9-B9736D0FA74B}.Debug|Any CPU.ActiveCfg = Debug|Any CPU
		{6FB50859-6B48-429B-8EC9-B9736D0FA74B}.Debug|Any CPU.Build.0 = Debug|Any CPU
		{6FB50859-6B48-429B-8EC9-B9736D0FA74B}.Debug|Any CPU.Deploy.0 = Debug|Any CPU
		{6FB50859-6B48-429B-8EC9-B9736D0FA74B}.Release|Any CPU.ActiveCfg = Release|Any CPU
		{6FB50859-6B48-429B-8EC9-B9736D0FA74B}.Release|Any CPU.Build.0 = Release|Any CPU
		{6FB50859-6B48-429B-8EC9-B9736D0FA74B}.Release|Any CPU.Deploy.0 = Release|Any CPU
	EndGlobalSection
	GlobalSection(SolutionProperties) = preSolution
		HideSolutionNode = FALSE
	EndGlobalSection
	GlobalSection(ExtensibilityGlobals) = postSolution
		SolutionGuid = {8750A98C-AEBF-4420-A8A4-3BA4E3D910B8}
	EndGlobalSection
EndGlobal
